// !$*UTF8*$!
{
	archiveVersion = 1;
	classes = {
	};
	objectVersion = 56;
	objects = {

/* Begin PBXBuildFile section */
		750C29A929F25004006CED66 /* GoogleService-Info.plist in Resources */ = {isa = PBXBuildFile; fileRef = 750C29A829F25004006CED66 /* GoogleService-Info.plist */; };
		750C29AC29F250A4006CED66 /* FirebaseAnalytics in Frameworks */ = {isa = PBXBuildFile; productRef = 750C29AB29F250A4006CED66 /* FirebaseAnalytics */; };
		750C29AE29F250A4006CED66 /* FirebaseAuth in Frameworks */ = {isa = PBXBuildFile; productRef = 750C29AD29F250A4006CED66 /* FirebaseAuth */; };
		750C29B029F250A4006CED66 /* FirebaseCrashlytics in Frameworks */ = {isa = PBXBuildFile; productRef = 750C29AF29F250A4006CED66 /* FirebaseCrashlytics */; };
		750C29B229F250A4006CED66 /* FirebaseFirestore in Frameworks */ = {isa = PBXBuildFile; productRef = 750C29B129F250A4006CED66 /* FirebaseFirestore */; };
		750C29B829F25615006CED66 /* LoginPage.swift in Sources */ = {isa = PBXBuildFile; fileRef = 750C29B729F25615006CED66 /* LoginPage.swift */; };
		750C29BD29F25DA8006CED66 /* RootPage.swift in Sources */ = {isa = PBXBuildFile; fileRef = 750C29BC29F25DA8006CED66 /* RootPage.swift */; };
		750C29BF29F26584006CED66 /* RootBloc.swift in Sources */ = {isa = PBXBuildFile; fileRef = 750C29BE29F26584006CED66 /* RootBloc.swift */; };
		751F65E029ED190B0095FFAC /* OnViewTap.swift in Sources */ = {isa = PBXBuildFile; fileRef = 751F65DF29ED190B0095FFAC /* OnViewTap.swift */; };
		7540763529E66B31006AEB5C /* LevelChooseBloc.swift in Sources */ = {isa = PBXBuildFile; fileRef = 7540763429E66B31006AEB5C /* LevelChooseBloc.swift */; };
		7540763729E66B48006AEB5C /* LevelChoosePage.swift in Sources */ = {isa = PBXBuildFile; fileRef = 7540763629E66B48006AEB5C /* LevelChoosePage.swift */; };
		7540763929E66CEF006AEB5C /* LevelChooseWidget.swift in Sources */ = {isa = PBXBuildFile; fileRef = 7540763829E66CEF006AEB5C /* LevelChooseWidget.swift */; };
		754A464829E50F5700F7DADB /* MemoryGameBloc.swift in Sources */ = {isa = PBXBuildFile; fileRef = 754A464729E50F5700F7DADB /* MemoryGameBloc.swift */; };
		75BCC9CB29E0EA7F00AC18C9 /* difficultyLevel.swift in Sources */ = {isa = PBXBuildFile; fileRef = 75BCC9CA29E0EA7F00AC18C9 /* difficultyLevel.swift */; };
		75BCC9CE29E0F1BD00AC18C9 /* detectOrientation.swift in Sources */ = {isa = PBXBuildFile; fileRef = 75BCC9CD29E0F1BD00AC18C9 /* detectOrientation.swift */; };
		75BCC9D129E0FE7300AC18C9 /* guessWord.swift in Sources */ = {isa = PBXBuildFile; fileRef = 75BCC9D029E0FE7300AC18C9 /* guessWord.swift */; };
		75BCC9D329E0FFC900AC18C9 /* WordsManager.swift in Sources */ = {isa = PBXBuildFile; fileRef = 75BCC9D229E0FFC900AC18C9 /* WordsManager.swift */; };
		75BE308829F63C3900B5A1E8 /* LoginBloc.swift in Sources */ = {isa = PBXBuildFile; fileRef = 75BE308729F63C3900B5A1E8 /* LoginBloc.swift */; };
		75BE308B29F6454A00B5A1E8 /* CommonInput.swift in Sources */ = {isa = PBXBuildFile; fileRef = 75BE308A29F6454A00B5A1E8 /* CommonInput.swift */; };
		75C45BA529DE63C600B3C221 /* memorygameApp.swift in Sources */ = {isa = PBXBuildFile; fileRef = 75C45BA429DE63C600B3C221 /* memorygameApp.swift */; };
		75C45BA929DE63C700B3C221 /* Assets.xcassets in Resources */ = {isa = PBXBuildFile; fileRef = 75C45BA829DE63C700B3C221 /* Assets.xcassets */; };
		75C45BAD29DE63C700B3C221 /* Preview Assets.xcassets in Resources */ = {isa = PBXBuildFile; fileRef = 75C45BAC29DE63C700B3C221 /* Preview Assets.xcassets */; };
		75C45BBE29DE6C9700B3C221 /* MemoryGamePage.swift in Sources */ = {isa = PBXBuildFile; fileRef = 75C45BBD29DE6C9700B3C221 /* MemoryGamePage.swift */; };
		75C45BC029DE7E3400B3C221 /* BaseScreen.swift in Sources */ = {isa = PBXBuildFile; fileRef = 75C45BBF29DE7E3400B3C221 /* BaseScreen.swift */; };
		75C45BC429DE894700B3C221 /* MemoryCard.swift in Sources */ = {isa = PBXBuildFile; fileRef = 75C45BC329DE894700B3C221 /* MemoryCard.swift */; };
		75D25DD829FAEE0F00321D37 /* CommonButtons.swift in Sources */ = {isa = PBXBuildFile; fileRef = 75D25DD729FAEE0F00321D37 /* CommonButtons.swift */; };
		75D25DDA29FAF0AE00321D37 /* CommonBackground.swift in Sources */ = {isa = PBXBuildFile; fileRef = 75D25DD929FAF0AE00321D37 /* CommonBackground.swift */; };
		75F517C929F7A01E000C197E /* LoadingView.swift in Sources */ = {isa = PBXBuildFile; fileRef = 75F517C829F7A01E000C197E /* LoadingView.swift */; };
/* End PBXBuildFile section */

/* Begin PBXFileReference section */
		750C29A829F25004006CED66 /* GoogleService-Info.plist */ = {isa = PBXFileReference; fileEncoding = 4; lastKnownFileType = text.plist.xml; path = "GoogleService-Info.plist"; sourceTree = "<group>"; };
		750C29B729F25615006CED66 /* LoginPage.swift */ = {isa = PBXFileReference; lastKnownFileType = sourcecode.swift; path = LoginPage.swift; sourceTree = "<group>"; };
		750C29BC29F25DA8006CED66 /* RootPage.swift */ = {isa = PBXFileReference; lastKnownFileType = sourcecode.swift; path = RootPage.swift; sourceTree = "<group>"; };
		750C29BE29F26584006CED66 /* RootBloc.swift */ = {isa = PBXFileReference; lastKnownFileType = sourcecode.swift; path = RootBloc.swift; sourceTree = "<group>"; };
		751F65DF29ED190B0095FFAC /* OnViewTap.swift */ = {isa = PBXFileReference; lastKnownFileType = sourcecode.swift; path = OnViewTap.swift; sourceTree = "<group>"; };
		7540763429E66B31006AEB5C /* LevelChooseBloc.swift */ = {isa = PBXFileReference; lastKnownFileType = sourcecode.swift; path = LevelChooseBloc.swift; sourceTree = "<group>"; };
		7540763629E66B48006AEB5C /* LevelChoosePage.swift */ = {isa = PBXFileReference; lastKnownFileType = sourcecode.swift; path = LevelChoosePage.swift; sourceTree = "<group>"; };
		7540763829E66CEF006AEB5C /* LevelChooseWidget.swift */ = {isa = PBXFileReference; lastKnownFileType = sourcecode.swift; path = LevelChooseWidget.swift; sourceTree = "<group>"; };
		754A464729E50F5700F7DADB /* MemoryGameBloc.swift */ = {isa = PBXFileReference; lastKnownFileType = sourcecode.swift; path = MemoryGameBloc.swift; sourceTree = "<group>"; };
		75BCC9CA29E0EA7F00AC18C9 /* difficultyLevel.swift */ = {isa = PBXFileReference; lastKnownFileType = sourcecode.swift; path = difficultyLevel.swift; sourceTree = "<group>"; };
		75BCC9CD29E0F1BD00AC18C9 /* detectOrientation.swift */ = {isa = PBXFileReference; lastKnownFileType = sourcecode.swift; path = detectOrientation.swift; sourceTree = "<group>"; };
		75BCC9D029E0FE7300AC18C9 /* guessWord.swift */ = {isa = PBXFileReference; lastKnownFileType = sourcecode.swift; path = guessWord.swift; sourceTree = "<group>"; };
		75BCC9D229E0FFC900AC18C9 /* WordsManager.swift */ = {isa = PBXFileReference; lastKnownFileType = sourcecode.swift; path = WordsManager.swift; sourceTree = "<group>"; };
		75BE308729F63C3900B5A1E8 /* LoginBloc.swift */ = {isa = PBXFileReference; lastKnownFileType = sourcecode.swift; path = LoginBloc.swift; sourceTree = "<group>"; };
		75BE308A29F6454A00B5A1E8 /* CommonInput.swift */ = {isa = PBXFileReference; lastKnownFileType = sourcecode.swift; path = CommonInput.swift; sourceTree = "<group>"; };
		75C45BA129DE63C600B3C221 /* memorygame.app */ = {isa = PBXFileReference; explicitFileType = wrapper.application; includeInIndex = 0; path = memorygame.app; sourceTree = BUILT_PRODUCTS_DIR; };
		75C45BA429DE63C600B3C221 /* memorygameApp.swift */ = {isa = PBXFileReference; lastKnownFileType = sourcecode.swift; path = memorygameApp.swift; sourceTree = "<group>"; };
		75C45BA829DE63C700B3C221 /* Assets.xcassets */ = {isa = PBXFileReference; lastKnownFileType = folder.assetcatalog; path = Assets.xcassets; sourceTree = "<group>"; };
		75C45BAA29DE63C700B3C221 /* memorygame.entitlements */ = {isa = PBXFileReference; lastKnownFileType = text.plist.entitlements; path = memorygame.entitlements; sourceTree = "<group>"; };
		75C45BAC29DE63C700B3C221 /* Preview Assets.xcassets */ = {isa = PBXFileReference; lastKnownFileType = folder.assetcatalog; path = "Preview Assets.xcassets"; sourceTree = "<group>"; };
		75C45BBD29DE6C9700B3C221 /* MemoryGamePage.swift */ = {isa = PBXFileReference; lastKnownFileType = sourcecode.swift; path = MemoryGamePage.swift; sourceTree = "<group>"; };
		75C45BBF29DE7E3400B3C221 /* BaseScreen.swift */ = {isa = PBXFileReference; lastKnownFileType = sourcecode.swift; path = BaseScreen.swift; sourceTree = "<group>"; };
		75C45BC329DE894700B3C221 /* MemoryCard.swift */ = {isa = PBXFileReference; lastKnownFileType = sourcecode.swift; path = MemoryCard.swift; sourceTree = "<group>"; };
		75D25DD729FAEE0F00321D37 /* CommonButtons.swift */ = {isa = PBXFileReference; lastKnownFileType = sourcecode.swift; path = CommonButtons.swift; sourceTree = "<group>"; };
		75D25DD929FAF0AE00321D37 /* CommonBackground.swift */ = {isa = PBXFileReference; lastKnownFileType = sourcecode.swift; path = CommonBackground.swift; sourceTree = "<group>"; };
		75F517C829F7A01E000C197E /* LoadingView.swift */ = {isa = PBXFileReference; lastKnownFileType = sourcecode.swift; path = LoadingView.swift; sourceTree = "<group>"; };
/* End PBXFileReference section */

/* Begin PBXFrameworksBuildPhase section */
		75C45B9E29DE63C600B3C221 /* Frameworks */ = {
			isa = PBXFrameworksBuildPhase;
			buildActionMask = 2147483647;
			files = (
				750C29B029F250A4006CED66 /* FirebaseCrashlytics in Frameworks */,
				750C29B229F250A4006CED66 /* FirebaseFirestore in Frameworks */,
				750C29AC29F250A4006CED66 /* FirebaseAnalytics in Frameworks */,
				750C29AE29F250A4006CED66 /* FirebaseAuth in Frameworks */,
			);
			runOnlyForDeploymentPostprocessing = 0;
		};
/* End PBXFrameworksBuildPhase section */

/* Begin PBXGroup section */
		750C29B329F255E2006CED66 /* login */ = {
			isa = PBXGroup;
			children = (
				750C29B629F255FF006CED66 /* bloc */,
				750C29B529F255F6006CED66 /* ui */,
				750C29B429F255EC006CED66 /* widgets */,
			);
			path = login;
			sourceTree = "<group>";
		};
		750C29B429F255EC006CED66 /* widgets */ = {
			isa = PBXGroup;
			children = (
			);
			path = widgets;
			sourceTree = "<group>";
		};
		750C29B529F255F6006CED66 /* ui */ = {
			isa = PBXGroup;
			children = (
				750C29B729F25615006CED66 /* LoginPage.swift */,
			);
			path = ui;
			sourceTree = "<group>";
		};
		750C29B629F255FF006CED66 /* bloc */ = {
			isa = PBXGroup;
			children = (
				75BE308729F63C3900B5A1E8 /* LoginBloc.swift */,
			);
			path = bloc;
			sourceTree = "<group>";
		};
		750C29B929F25CAE006CED66 /* root */ = {
			isa = PBXGroup;
			children = (
				750C29BB29F25CC8006CED66 /* bloc */,
				750C29BA29F25CBD006CED66 /* ui */,
				75F517C629F7A003000C197E /* widgets */,
			);
			path = root;
			sourceTree = "<group>";
		};
		750C29BA29F25CBD006CED66 /* ui */ = {
			isa = PBXGroup;
			children = (
				750C29BC29F25DA8006CED66 /* RootPage.swift */,
			);
			path = ui;
			sourceTree = "<group>";
		};
		750C29BB29F25CC8006CED66 /* bloc */ = {
			isa = PBXGroup;
			children = (
				750C29BE29F26584006CED66 /* RootBloc.swift */,
			);
			path = bloc;
			sourceTree = "<group>";
		};
		7540763029E66887006AEB5C /* choose_level */ = {
			isa = PBXGroup;
			children = (
				7540763329E668AE006AEB5C /* bloc */,
				7540763229E668A8006AEB5C /* ui */,
				7540763129E668A2006AEB5C /* widgets */,
			);
			path = choose_level;
			sourceTree = "<group>";
		};
		7540763129E668A2006AEB5C /* widgets */ = {
			isa = PBXGroup;
			children = (
				7540763829E66CEF006AEB5C /* LevelChooseWidget.swift */,
			);
			path = widgets;
			sourceTree = "<group>";
		};
		7540763229E668A8006AEB5C /* ui */ = {
			isa = PBXGroup;
			children = (
				7540763629E66B48006AEB5C /* LevelChoosePage.swift */,
			);
			path = ui;
			sourceTree = "<group>";
		};
		7540763329E668AE006AEB5C /* bloc */ = {
			isa = PBXGroup;
			children = (
				7540763429E66B31006AEB5C /* LevelChooseBloc.swift */,
			);
			path = bloc;
			sourceTree = "<group>";
		};
		75BCC9C929E0EA5B00AC18C9 /* enums */ = {
			isa = PBXGroup;
			children = (
				75BCC9CA29E0EA7F00AC18C9 /* difficultyLevel.swift */,
			);
			path = enums;
			sourceTree = "<group>";
		};
		75BCC9CC29E0F18800AC18C9 /* modifiers */ = {
			isa = PBXGroup;
			children = (
				75BCC9CD29E0F1BD00AC18C9 /* detectOrientation.swift */,
				75D25DD929FAF0AE00321D37 /* CommonBackground.swift */,
			);
			path = modifiers;
			sourceTree = "<group>";
		};
		75BCC9CF29E0FE5C00AC18C9 /* model */ = {
			isa = PBXGroup;
			children = (
				75BCC9D029E0FE7300AC18C9 /* guessWord.swift */,
			);
			path = model;
			sourceTree = "<group>";
		};
		75C45B9829DE63C600B3C221 = {
			isa = PBXGroup;
			children = (
				75C45BA329DE63C600B3C221 /* memorygame */,
				75C45BA229DE63C600B3C221 /* Products */,
			);
			sourceTree = "<group>";
		};
		75C45BA229DE63C600B3C221 /* Products */ = {
			isa = PBXGroup;
			children = (
				75C45BA129DE63C600B3C221 /* memorygame.app */,
			);
			name = Products;
			sourceTree = "<group>";
		};
		75C45BA329DE63C600B3C221 /* memorygame */ = {
			isa = PBXGroup;
			children = (
				75C45BB529DE6B5400B3C221 /* domain */,
				75C45BB429DE6B4D00B3C221 /* data */,
				75C45BB329DE6B4000B3C221 /* presentation */,
				75C45BA429DE63C600B3C221 /* memorygameApp.swift */,
				75C45BA829DE63C700B3C221 /* Assets.xcassets */,
				75C45BAA29DE63C700B3C221 /* memorygame.entitlements */,
				750C29A829F25004006CED66 /* GoogleService-Info.plist */,
				75C45BAB29DE63C700B3C221 /* Preview Content */,
			);
			path = memorygame;
			sourceTree = "<group>";
		};
		75C45BAB29DE63C700B3C221 /* Preview Content */ = {
			isa = PBXGroup;
			children = (
				75C45BAC29DE63C700B3C221 /* Preview Assets.xcassets */,
			);
			path = "Preview Content";
			sourceTree = "<group>";
		};
		75C45BB329DE6B4000B3C221 /* presentation */ = {
			isa = PBXGroup;
			children = (
				75BCC9CF29E0FE5C00AC18C9 /* model */,
				75C45BB629DE6B5E00B3C221 /* features */,
				75C45BB829DE6B8100B3C221 /* widgets */,
				75BCC9CC29E0F18800AC18C9 /* modifiers */,
				75C45BB729DE6B6700B3C221 /* utils */,
			);
			path = presentation;
			sourceTree = "<group>";
		};
		75C45BB429DE6B4D00B3C221 /* data */ = {
			isa = PBXGroup;
			children = (
			);
			path = data;
			sourceTree = "<group>";
		};
		75C45BB529DE6B5400B3C221 /* domain */ = {
			isa = PBXGroup;
			children = (
				75BCC9C929E0EA5B00AC18C9 /* enums */,
			);
			path = domain;
			sourceTree = "<group>";
		};
		75C45BB629DE6B5E00B3C221 /* features */ = {
			isa = PBXGroup;
			children = (
				750C29B929F25CAE006CED66 /* root */,
				750C29B329F255E2006CED66 /* login */,
				7540763029E66887006AEB5C /* choose_level */,
				75C45BB929DE6B9800B3C221 /* memory_game */,
			);
			path = features;
			sourceTree = "<group>";
		};
		75C45BB729DE6B6700B3C221 /* utils */ = {
			isa = PBXGroup;
			children = (
				75BCC9D229E0FFC900AC18C9 /* WordsManager.swift */,
			);
			path = utils;
			sourceTree = "<group>";
		};
		75C45BB829DE6B8100B3C221 /* widgets */ = {
			isa = PBXGroup;
			children = (
				75C45BBF29DE7E3400B3C221 /* BaseScreen.swift */,
				751F65DF29ED190B0095FFAC /* OnViewTap.swift */,
				75BE308A29F6454A00B5A1E8 /* CommonInput.swift */,
				75D25DD729FAEE0F00321D37 /* CommonButtons.swift */,
			);
			path = widgets;
			sourceTree = "<group>";
		};
		75C45BB929DE6B9800B3C221 /* memory_game */ = {
			isa = PBXGroup;
			children = (
				75C45BBC29DE6C8800B3C221 /* bloc */,
				75C45BBB29DE6C8200B3C221 /* ui */,
				75C45BC129DE891800B3C221 /* widgets */,
			);
			path = memory_game;
			sourceTree = "<group>";
		};
		75C45BBB29DE6C8200B3C221 /* ui */ = {
			isa = PBXGroup;
			children = (
				75C45BBD29DE6C9700B3C221 /* MemoryGamePage.swift */,
			);
			path = ui;
			sourceTree = "<group>";
		};
		75C45BBC29DE6C8800B3C221 /* bloc */ = {
			isa = PBXGroup;
			children = (
				754A464729E50F5700F7DADB /* MemoryGameBloc.swift */,
			);
			path = bloc;
			sourceTree = "<group>";
		};
		75C45BC129DE891800B3C221 /* widgets */ = {
			isa = PBXGroup;
			children = (
				75C45BC329DE894700B3C221 /* MemoryCard.swift */,
			);
			path = widgets;
			sourceTree = "<group>";
		};
		75F517C629F7A003000C197E /* widgets */ = {
			isa = PBXGroup;
			children = (
				75F517C829F7A01E000C197E /* LoadingView.swift */,
			);
			path = widgets;
			sourceTree = "<group>";
		};
/* End PBXGroup section */

/* Begin PBXNativeTarget section */
		75C45BA029DE63C600B3C221 /* memorygame */ = {
			isa = PBXNativeTarget;
			buildConfigurationList = 75C45BB029DE63C700B3C221 /* Build configuration list for PBXNativeTarget "memorygame" */;
			buildPhases = (
				75C45B9D29DE63C600B3C221 /* Sources */,
				75C45B9E29DE63C600B3C221 /* Frameworks */,
				75C45B9F29DE63C600B3C221 /* Resources */,
			);
			buildRules = (
			);
			dependencies = (
			);
			name = memorygame;
			packageProductDependencies = (
				750C29AB29F250A4006CED66 /* FirebaseAnalytics */,
				750C29AD29F250A4006CED66 /* FirebaseAuth */,
				750C29AF29F250A4006CED66 /* FirebaseCrashlytics */,
				750C29B129F250A4006CED66 /* FirebaseFirestore */,
			);
			productName = memorygame;
			productReference = 75C45BA129DE63C600B3C221 /* memorygame.app */;
			productType = "com.apple.product-type.application";
		};
/* End PBXNativeTarget section */

/* Begin PBXProject section */
		75C45B9929DE63C600B3C221 /* Project object */ = {
			isa = PBXProject;
			attributes = {
				BuildIndependentTargetsInParallel = 1;
				LastSwiftUpdateCheck = 1430;
				LastUpgradeCheck = 1430;
				TargetAttributes = {
					75C45BA029DE63C600B3C221 = {
						CreatedOnToolsVersion = 14.3;
					};
				};
			};
			buildConfigurationList = 75C45B9C29DE63C600B3C221 /* Build configuration list for PBXProject "memorygame" */;
			compatibilityVersion = "Xcode 14.0";
			developmentRegion = en;
			hasScannedForEncodings = 0;
			knownRegions = (
				en,
				Base,
			);
			mainGroup = 75C45B9829DE63C600B3C221;
			packageReferences = (
				750C29AA29F250A4006CED66 /* XCRemoteSwiftPackageReference "firebase-ios-sdk" */,
			);
			productRefGroup = 75C45BA229DE63C600B3C221 /* Products */;
			projectDirPath = "";
			projectRoot = "";
			targets = (
				75C45BA029DE63C600B3C221 /* memorygame */,
			);
		};
/* End PBXProject section */

/* Begin PBXResourcesBuildPhase section */
		75C45B9F29DE63C600B3C221 /* Resources */ = {
			isa = PBXResourcesBuildPhase;
			buildActionMask = 2147483647;
			files = (
				75C45BAD29DE63C700B3C221 /* Preview Assets.xcassets in Resources */,
				75C45BA929DE63C700B3C221 /* Assets.xcassets in Resources */,
				750C29A929F25004006CED66 /* GoogleService-Info.plist in Resources */,
			);
			runOnlyForDeploymentPostprocessing = 0;
		};
/* End PBXResourcesBuildPhase section */

/* Begin PBXSourcesBuildPhase section */
		75C45B9D29DE63C600B3C221 /* Sources */ = {
			isa = PBXSourcesBuildPhase;
			buildActionMask = 2147483647;
			files = (
				75C45BBE29DE6C9700B3C221 /* MemoryGamePage.swift in Sources */,
				754A464829E50F5700F7DADB /* MemoryGameBloc.swift in Sources */,
				75D25DD829FAEE0F00321D37 /* CommonButtons.swift in Sources */,
				75C45BC029DE7E3400B3C221 /* BaseScreen.swift in Sources */,
				75C45BA529DE63C600B3C221 /* memorygameApp.swift in Sources */,
				751F65E029ED190B0095FFAC /* OnViewTap.swift in Sources */,
				750C29BD29F25DA8006CED66 /* RootPage.swift in Sources */,
				75C45BC429DE894700B3C221 /* MemoryCard.swift in Sources */,
				75BE308B29F6454A00B5A1E8 /* CommonInput.swift in Sources */,
				75BE308829F63C3900B5A1E8 /* LoginBloc.swift in Sources */,
				7540763729E66B48006AEB5C /* LevelChoosePage.swift in Sources */,
				75D25DDA29FAF0AE00321D37 /* CommonBackground.swift in Sources */,
				75BCC9D129E0FE7300AC18C9 /* guessWord.swift in Sources */,
				75BCC9CE29E0F1BD00AC18C9 /* detectOrientation.swift in Sources */,
				7540763929E66CEF006AEB5C /* LevelChooseWidget.swift in Sources */,
				75BCC9D329E0FFC900AC18C9 /* WordsManager.swift in Sources */,
				7540763529E66B31006AEB5C /* LevelChooseBloc.swift in Sources */,
				750C29BF29F26584006CED66 /* RootBloc.swift in Sources */,
				750C29B829F25615006CED66 /* LoginPage.swift in Sources */,
				75F517C929F7A01E000C197E /* LoadingView.swift in Sources */,
				75BCC9CB29E0EA7F00AC18C9 /* difficultyLevel.swift in Sources */,
			);
			runOnlyForDeploymentPostprocessing = 0;
		};
/* End PBXSourcesBuildPhase section */

/* Begin XCBuildConfiguration section */
		75C45BAE29DE63C700B3C221 /* Debug */ = {
			isa = XCBuildConfiguration;
			buildSettings = {
				ALWAYS_SEARCH_USER_PATHS = NO;
				CLANG_ANALYZER_NONNULL = YES;
				CLANG_ANALYZER_NUMBER_OBJECT_CONVERSION = YES_AGGRESSIVE;
				CLANG_CXX_LANGUAGE_STANDARD = "gnu++20";
				CLANG_ENABLE_MODULES = YES;
				CLANG_ENABLE_OBJC_ARC = YES;
				CLANG_ENABLE_OBJC_WEAK = YES;
				CLANG_WARN_BLOCK_CAPTURE_AUTORELEASING = YES;
				CLANG_WARN_BOOL_CONVERSION = YES;
				CLANG_WARN_COMMA = YES;
				CLANG_WARN_CONSTANT_CONVERSION = YES;
				CLANG_WARN_DEPRECATED_OBJC_IMPLEMENTATIONS = YES;
				CLANG_WARN_DIRECT_OBJC_ISA_USAGE = YES_ERROR;
				CLANG_WARN_DOCUMENTATION_COMMENTS = YES;
				CLANG_WARN_EMPTY_BODY = YES;
				CLANG_WARN_ENUM_CONVERSION = YES;
				CLANG_WARN_INFINITE_RECURSION = YES;
				CLANG_WARN_INT_CONVERSION = YES;
				CLANG_WARN_NON_LITERAL_NULL_CONVERSION = YES;
				CLANG_WARN_OBJC_IMPLICIT_RETAIN_SELF = YES;
				CLANG_WARN_OBJC_LITERAL_CONVERSION = YES;
				CLANG_WARN_OBJC_ROOT_CLASS = YES_ERROR;
				CLANG_WARN_QUOTED_INCLUDE_IN_FRAMEWORK_HEADER = YES;
				CLANG_WARN_RANGE_LOOP_ANALYSIS = YES;
				CLANG_WARN_STRICT_PROTOTYPES = YES;
				CLANG_WARN_SUSPICIOUS_MOVE = YES;
				CLANG_WARN_UNGUARDED_AVAILABILITY = YES_AGGRESSIVE;
				CLANG_WARN_UNREACHABLE_CODE = YES;
				CLANG_WARN__DUPLICATE_METHOD_MATCH = YES;
				COPY_PHASE_STRIP = NO;
				DEBUG_INFORMATION_FORMAT = dwarf;
				ENABLE_STRICT_OBJC_MSGSEND = YES;
				ENABLE_TESTABILITY = YES;
				GCC_C_LANGUAGE_STANDARD = gnu11;
				GCC_DYNAMIC_NO_PIC = NO;
				GCC_NO_COMMON_BLOCKS = YES;
				GCC_OPTIMIZATION_LEVEL = 0;
				GCC_PREPROCESSOR_DEFINITIONS = (
					"DEBUG=1",
					"$(inherited)",
				);
				GCC_WARN_64_TO_32_BIT_CONVERSION = YES;
				GCC_WARN_ABOUT_RETURN_TYPE = YES_ERROR;
				GCC_WARN_UNDECLARED_SELECTOR = YES;
				GCC_WARN_UNINITIALIZED_AUTOS = YES_AGGRESSIVE;
				GCC_WARN_UNUSED_FUNCTION = YES;
				GCC_WARN_UNUSED_VARIABLE = YES;
				MTL_ENABLE_DEBUG_INFO = INCLUDE_SOURCE;
				MTL_FAST_MATH = YES;
				ONLY_ACTIVE_ARCH = YES;
				SWIFT_ACTIVE_COMPILATION_CONDITIONS = DEBUG;
				SWIFT_OPTIMIZATION_LEVEL = "-Onone";
			};
			name = Debug;
		};
		75C45BAF29DE63C700B3C221 /* Release */ = {
			isa = XCBuildConfiguration;
			buildSettings = {
				ALWAYS_SEARCH_USER_PATHS = NO;
				CLANG_ANALYZER_NONNULL = YES;
				CLANG_ANALYZER_NUMBER_OBJECT_CONVERSION = YES_AGGRESSIVE;
				CLANG_CXX_LANGUAGE_STANDARD = "gnu++20";
				CLANG_ENABLE_MODULES = YES;
				CLANG_ENABLE_OBJC_ARC = YES;
				CLANG_ENABLE_OBJC_WEAK = YES;
				CLANG_WARN_BLOCK_CAPTURE_AUTORELEASING = YES;
				CLANG_WARN_BOOL_CONVERSION = YES;
				CLANG_WARN_COMMA = YES;
				CLANG_WARN_CONSTANT_CONVERSION = YES;
				CLANG_WARN_DEPRECATED_OBJC_IMPLEMENTATIONS = YES;
				CLANG_WARN_DIRECT_OBJC_ISA_USAGE = YES_ERROR;
				CLANG_WARN_DOCUMENTATION_COMMENTS = YES;
				CLANG_WARN_EMPTY_BODY = YES;
				CLANG_WARN_ENUM_CONVERSION = YES;
				CLANG_WARN_INFINITE_RECURSION = YES;
				CLANG_WARN_INT_CONVERSION = YES;
				CLANG_WARN_NON_LITERAL_NULL_CONVERSION = YES;
				CLANG_WARN_OBJC_IMPLICIT_RETAIN_SELF = YES;
				CLANG_WARN_OBJC_LITERAL_CONVERSION = YES;
				CLANG_WARN_OBJC_ROOT_CLASS = YES_ERROR;
				CLANG_WARN_QUOTED_INCLUDE_IN_FRAMEWORK_HEADER = YES;
				CLANG_WARN_RANGE_LOOP_ANALYSIS = YES;
				CLANG_WARN_STRICT_PROTOTYPES = YES;
				CLANG_WARN_SUSPICIOUS_MOVE = YES;
				CLANG_WARN_UNGUARDED_AVAILABILITY = YES_AGGRESSIVE;
				CLANG_WARN_UNREACHABLE_CODE = YES;
				CLANG_WARN__DUPLICATE_METHOD_MATCH = YES;
				COPY_PHASE_STRIP = NO;
				DEBUG_INFORMATION_FORMAT = "dwarf-with-dsym";
				ENABLE_NS_ASSERTIONS = NO;
				ENABLE_STRICT_OBJC_MSGSEND = YES;
				GCC_C_LANGUAGE_STANDARD = gnu11;
				GCC_NO_COMMON_BLOCKS = YES;
				GCC_WARN_64_TO_32_BIT_CONVERSION = YES;
				GCC_WARN_ABOUT_RETURN_TYPE = YES_ERROR;
				GCC_WARN_UNDECLARED_SELECTOR = YES;
				GCC_WARN_UNINITIALIZED_AUTOS = YES_AGGRESSIVE;
				GCC_WARN_UNUSED_FUNCTION = YES;
				GCC_WARN_UNUSED_VARIABLE = YES;
				MTL_ENABLE_DEBUG_INFO = NO;
				MTL_FAST_MATH = YES;
				SWIFT_COMPILATION_MODE = wholemodule;
				SWIFT_OPTIMIZATION_LEVEL = "-O";
			};
			name = Release;
		};
		75C45BB129DE63C700B3C221 /* Debug */ = {
			isa = XCBuildConfiguration;
			buildSettings = {
				ASSETCATALOG_COMPILER_APPICON_NAME = AppIcon;
				ASSETCATALOG_COMPILER_GLOBAL_ACCENT_COLOR_NAME = AccentColor;
				CODE_SIGN_ENTITLEMENTS = memorygame/memorygame.entitlements;
				"CODE_SIGN_IDENTITY[sdk=macosx*]" = "Apple Development";
				CODE_SIGN_STYLE = Automatic;
				CURRENT_PROJECT_VERSION = 1;
				DEVELOPMENT_ASSET_PATHS = "\"memorygame/Preview Content\"";
				DEVELOPMENT_TEAM = DKHCJ29L6U;
				ENABLE_HARDENED_RUNTIME = YES;
				ENABLE_PREVIEWS = YES;
				GENERATE_INFOPLIST_FILE = YES;
				INFOPLIST_KEY_CFBundleDisplayName = Memorama;
				INFOPLIST_KEY_LSApplicationCategoryType = "public.app-category.puzzle-games";
				"INFOPLIST_KEY_UIApplicationSceneManifest_Generation[sdk=iphoneos*]" = YES;
				"INFOPLIST_KEY_UIApplicationSceneManifest_Generation[sdk=iphonesimulator*]" = YES;
				"INFOPLIST_KEY_UIApplicationSupportsIndirectInputEvents[sdk=iphoneos*]" = YES;
				"INFOPLIST_KEY_UIApplicationSupportsIndirectInputEvents[sdk=iphonesimulator*]" = YES;
				"INFOPLIST_KEY_UILaunchScreen_Generation[sdk=iphoneos*]" = YES;
				"INFOPLIST_KEY_UILaunchScreen_Generation[sdk=iphonesimulator*]" = YES;
				"INFOPLIST_KEY_UIStatusBarStyle[sdk=iphoneos*]" = UIStatusBarStyleDefault;
				"INFOPLIST_KEY_UIStatusBarStyle[sdk=iphonesimulator*]" = UIStatusBarStyleDefault;
				INFOPLIST_KEY_UISupportedInterfaceOrientations = "UIInterfaceOrientationLandscapeLeft UIInterfaceOrientationLandscapeRight UIInterfaceOrientationPortrait UIInterfaceOrientationPortraitUpsideDown";
				IPHONEOS_DEPLOYMENT_TARGET = 16.4;
				LD_RUNPATH_SEARCH_PATHS = "@executable_path/Frameworks";
				"LD_RUNPATH_SEARCH_PATHS[sdk=macosx*]" = "@executable_path/../Frameworks";
				MACOSX_DEPLOYMENT_TARGET = 13.3;
				MARKETING_VERSION = 1.0;
				PRODUCT_BUNDLE_IDENTIFIER = com.jixcayau.memorama;
				PRODUCT_NAME = "$(TARGET_NAME)";
				SDKROOT = auto;
				SUPPORTED_PLATFORMS = "iphoneos iphonesimulator macosx";
				SWIFT_EMIT_LOC_STRINGS = YES;
				SWIFT_VERSION = 5.0;
				TARGETED_DEVICE_FAMILY = "1,2";
			};
			name = Debug;
		};
		75C45BB229DE63C700B3C221 /* Release */ = {
			isa = XCBuildConfiguration;
			buildSettings = {
				ASSETCATALOG_COMPILER_APPICON_NAME = AppIcon;
				ASSETCATALOG_COMPILER_GLOBAL_ACCENT_COLOR_NAME = AccentColor;
				CODE_SIGN_ENTITLEMENTS = memorygame/memorygame.entitlements;
				"CODE_SIGN_IDENTITY[sdk=macosx*]" = "Apple Development";
				CODE_SIGN_STYLE = Automatic;
				CURRENT_PROJECT_VERSION = 1;
				DEVELOPMENT_ASSET_PATHS = "\"memorygame/Preview Content\"";
				DEVELOPMENT_TEAM = DKHCJ29L6U;
				ENABLE_HARDENED_RUNTIME = YES;
				ENABLE_PREVIEWS = YES;
				GENERATE_INFOPLIST_FILE = YES;
				INFOPLIST_KEY_CFBundleDisplayName = Memorama;
				INFOPLIST_KEY_LSApplicationCategoryType = "public.app-category.puzzle-games";
				"INFOPLIST_KEY_UIApplicationSceneManifest_Generation[sdk=iphoneos*]" = YES;
				"INFOPLIST_KEY_UIApplicationSceneManifest_Generation[sdk=iphonesimulator*]" = YES;
				"INFOPLIST_KEY_UIApplicationSupportsIndirectInputEvents[sdk=iphoneos*]" = YES;
				"INFOPLIST_KEY_UIApplicationSupportsIndirectInputEvents[sdk=iphonesimulator*]" = YES;
				"INFOPLIST_KEY_UILaunchScreen_Generation[sdk=iphoneos*]" = YES;
				"INFOPLIST_KEY_UILaunchScreen_Generation[sdk=iphonesimulator*]" = YES;
				"INFOPLIST_KEY_UIStatusBarStyle[sdk=iphoneos*]" = UIStatusBarStyleDefault;
				"INFOPLIST_KEY_UIStatusBarStyle[sdk=iphonesimulator*]" = UIStatusBarStyleDefault;
				INFOPLIST_KEY_UISupportedInterfaceOrientations = "UIInterfaceOrientationLandscapeLeft UIInterfaceOrientationLandscapeRight UIInterfaceOrientationPortrait UIInterfaceOrientationPortraitUpsideDown";
				IPHONEOS_DEPLOYMENT_TARGET = 16.4;
				LD_RUNPATH_SEARCH_PATHS = "@executable_path/Frameworks";
				"LD_RUNPATH_SEARCH_PATHS[sdk=macosx*]" = "@executable_path/../Frameworks";
				MACOSX_DEPLOYMENT_TARGET = 13.3;
				MARKETING_VERSION = 1.0;
				PRODUCT_BUNDLE_IDENTIFIER = com.jixcayau.memorama;
				PRODUCT_NAME = "$(TARGET_NAME)";
				SDKROOT = auto;
				SUPPORTED_PLATFORMS = "iphoneos iphonesimulator macosx";
				SWIFT_EMIT_LOC_STRINGS = YES;
				SWIFT_VERSION = 5.0;
				TARGETED_DEVICE_FAMILY = "1,2";
			};
			name = Release;
		};
/* End XCBuildConfiguration section */

/* Begin XCConfigurationList section */
		75C45B9C29DE63C600B3C221 /* Build configuration list for PBXProject "memorygame" */ = {
			isa = XCConfigurationList;
			buildConfigurations = (
				75C45BAE29DE63C700B3C221 /* Debug */,
				75C45BAF29DE63C700B3C221 /* Release */,
			);
			defaultConfigurationIsVisible = 0;
			defaultConfigurationName = Release;
		};
		75C45BB029DE63C700B3C221 /* Build configuration list for PBXNativeTarget "memorygame" */ = {
			isa = XCConfigurationList;
			buildConfigurations = (
				75C45BB129DE63C700B3C221 /* Debug */,
				75C45BB229DE63C700B3C221 /* Release */,
			);
			defaultConfigurationIsVisible = 0;
			defaultConfigurationName = Release;
		};
/* End XCConfigurationList section */

/* Begin XCRemoteSwiftPackageReference section */
		750C29AA29F250A4006CED66 /* XCRemoteSwiftPackageReference "firebase-ios-sdk" */ = {
			isa = XCRemoteSwiftPackageReference;
			repositoryURL = "https://github.com/firebase/firebase-ios-sdk";
			requirement = {
				kind = upToNextMajorVersion;
				minimumVersion = 10.0.0;
			};
		};
/* End XCRemoteSwiftPackageReference section */

/* Begin XCSwiftPackageProductDependency section */
		750C29AB29F250A4006CED66 /* FirebaseAnalytics */ = {
			isa = XCSwiftPackageProductDependency;
			package = 750C29AA29F250A4006CED66 /* XCRemoteSwiftPackageReference "firebase-ios-sdk" */;
			productName = FirebaseAnalytics;
		};
		750C29AD29F250A4006CED66 /* FirebaseAuth */ = {
			isa = XCSwiftPackageProductDependency;
			package = 750C29AA29F250A4006CED66 /* XCRemoteSwiftPackageReference "firebase-ios-sdk" */;
			productName = FirebaseAuth;
		};
		750C29AF29F250A4006CED66 /* FirebaseCrashlytics */ = {
			isa = XCSwiftPackageProductDependency;
			package = 750C29AA29F250A4006CED66 /* XCRemoteSwiftPackageReference "firebase-ios-sdk" */;
			productName = FirebaseCrashlytics;
		};
		750C29B129F250A4006CED66 /* FirebaseFirestore */ = {
			isa = XCSwiftPackageProductDependency;
			package = 750C29AA29F250A4006CED66 /* XCRemoteSwiftPackageReference "firebase-ios-sdk" */;
			productName = FirebaseFirestore;
		};
/* End XCSwiftPackageProductDependency section */
	};
	rootObject = 75C45B9929DE63C600B3C221 /* Project object */;
}
